<?xml version="1.0" encoding="utf-8"?>
<Project ToolsVersion="4.0" xmlns="http://schemas.microsoft.com/developer/msbuild/2003">
  <ItemGroup>
    <Filter Include="소스 파일">
      <UniqueIdentifier>{4FC737F1-C7A5-4376-A066-2A32D752A2FF}</UniqueIdentifier>
      <Extensions>cpp;c;cc;cxx;c++;cppm;ixx;def;odl;idl;hpj;bat;asm;asmx</Extensions>
    </Filter>
    <Filter Include="헤더 파일">
      <UniqueIdentifier>{93995380-89BD-4b04-88EB-625FBE52EBFB}</UniqueIdentifier>
      <Extensions>h;hh;hpp;hxx;h++;hm;inl;inc;ipp;xsd</Extensions>
    </Filter>
    <Filter Include="리소스 파일">
      <UniqueIdentifier>{67DA6AB6-F800-4c08-8B7A-83BB121AAD01}</UniqueIdentifier>
      <Extensions>rc;ico;cur;bmp;dlg;rc2;rct;bin;rgs;gif;jpg;jpeg;jpe;resx;tiff;tif;png;wav;mfcribbon-ms</Extensions>
    </Filter>
    <Filter Include="Engine">
      <UniqueIdentifier>{d4480e72-88c2-4745-ad1a-ae84d5bd84a5}</UniqueIdentifier>
    </Filter>
    <Filter Include="Engine\01. Header">
      <UniqueIdentifier>{71cd5667-b16e-45a7-a8cd-4447d0093514}</UniqueIdentifier>
    </Filter>
    <Filter Include="Engine\02. Core">
      <UniqueIdentifier>{8d18d5d3-d540-4bc6-97dd-1b9b957f2c82}</UniqueIdentifier>
    </Filter>
    <Filter Include="Engine\03. Manager">
      <UniqueIdentifier>{ea7e62c6-aa44-411b-9353-498e23fa793a}</UniqueIdentifier>
    </Filter>
    <Filter Include="Engine\03. Manager\CSceneManager">
      <UniqueIdentifier>{11838178-2423-4acc-9e3d-49ab426b0196}</UniqueIdentifier>
    </Filter>
    <Filter Include="Engine\03. Manager\CTimeManager">
      <UniqueIdentifier>{e9570524-1582-4933-9242-0132c3df76c1}</UniqueIdentifier>
    </Filter>
    <Filter Include="Engine\04. Object">
      <UniqueIdentifier>{ae7ab1fd-28b1-4d03-b543-062c052eb290}</UniqueIdentifier>
    </Filter>
    <Filter Include="Engine\05. Scene">
      <UniqueIdentifier>{2ae20292-660f-4767-aa21-a596d92e94b5}</UniqueIdentifier>
    </Filter>
    <Filter Include="Engine\05. Scene\Scene_Start">
      <UniqueIdentifier>{107941d8-df3e-43bd-a771-c593fa57c7e4}</UniqueIdentifier>
    </Filter>
    <Filter Include="Engine\03. Manager\CPathManager">
      <UniqueIdentifier>{8c569522-6e54-4abc-83a0-f423a59294ae}</UniqueIdentifier>
    </Filter>
    <Filter Include="Engine\03. Manager\CResourceManager">
      <UniqueIdentifier>{13e9ed1d-969b-46c2-95e6-d8d8f0e58095}</UniqueIdentifier>
    </Filter>
    <Filter Include="Engine\03. Manager\CKeyManager">
      <UniqueIdentifier>{ba8cf4af-b4dd-41fc-9f14-e6890a207ef0}</UniqueIdentifier>
    </Filter>
    <Filter Include="Engine\05. Scene\Scene_Stage01">
      <UniqueIdentifier>{68f840d4-a667-4489-8670-167abb574a27}</UniqueIdentifier>
    </Filter>
    <Filter Include="Engine\04. Object\UI">
      <UniqueIdentifier>{4df0d0fc-aa95-4e40-ab70-3e708bc43915}</UniqueIdentifier>
    </Filter>
    <Filter Include="Engine\03. Manager\CUIManager">
      <UniqueIdentifier>{b146c0bc-2e9a-468b-9d2a-eeac575b4a11}</UniqueIdentifier>
    </Filter>
    <Filter Include="Engine\03. Manager\CEventManager">
      <UniqueIdentifier>{8dccad3d-7571-438b-a2eb-214c4eb6d595}</UniqueIdentifier>
    </Filter>
    <Filter Include="Engine\04. Object\UI\UIBtn">
      <UniqueIdentifier>{1634239c-31b3-423b-829e-47c7ea72347e}</UniqueIdentifier>
    </Filter>
    <Filter Include="Engine\04. Object\Player">
      <UniqueIdentifier>{fb752a2d-3904-4ddc-8f4a-9dcf21eb986e}</UniqueIdentifier>
    </Filter>
    <Filter Include="Engine\06. Resource">
      <UniqueIdentifier>{724c4838-4735-41a0-87cf-1a239e092c9d}</UniqueIdentifier>
    </Filter>
    <Filter Include="Engine\06. Resource\Texture">
      <UniqueIdentifier>{2709b0fa-6575-44fd-9da5-e56d9036162d}</UniqueIdentifier>
    </Filter>
    <Filter Include="Engine\07. Component">
      <UniqueIdentifier>{8b689de6-1402-42b9-b0ad-d0a17bf1ab6d}</UniqueIdentifier>
    </Filter>
    <Filter Include="Engine\07. Component\Animator">
      <UniqueIdentifier>{6e889c93-7e5d-4a5e-8428-156c86678502}</UniqueIdentifier>
    </Filter>
    <Filter Include="Engine\07. Component\Animator\Animation">
      <UniqueIdentifier>{574bce69-2c25-4e4b-91fe-731d19db81f5}</UniqueIdentifier>
    </Filter>
    <Filter Include="Engine\08. Module">
      <UniqueIdentifier>{afaf9cd4-a22c-4c04-bde0-afb1e1b3e1f9}</UniqueIdentifier>
    </Filter>
    <Filter Include="Engine\04. Object\Monster">
      <UniqueIdentifier>{7750476e-be80-47b1-9923-b32441e5bd4e}</UniqueIdentifier>
    </Filter>
    <Filter Include="Engine\08. Module\AI">
      <UniqueIdentifier>{a2f495cd-d908-4584-a94e-6927b3a0e5b2}</UniqueIdentifier>
    </Filter>
    <Filter Include="Engine\08. Module\AI\State">
      <UniqueIdentifier>{64f04049-dcd2-4cd8-843f-15514a3e28ef}</UniqueIdentifier>
    </Filter>
    <Filter Include="Engine\03. Manager\CCameraManager">
      <UniqueIdentifier>{b38e0c7a-a302-4933-9263-c7bc2a54eea5}</UniqueIdentifier>
    </Filter>
    <Filter Include="Engine\03. Manager\CColliderManager">
      <UniqueIdentifier>{fa8089be-7548-4ba7-ae3c-d2e521a812e6}</UniqueIdentifier>
    </Filter>
    <Filter Include="Engine\07. Component\Collider">
      <UniqueIdentifier>{c50c29b7-8238-4698-a12f-e7f617bd3366}</UniqueIdentifier>
    </Filter>
    <Filter Include="Engine\04. Object\UI\UIPanel">
      <UniqueIdentifier>{50c7a4f8-9571-4679-ac0e-7bd002abcca8}</UniqueIdentifier>
    </Filter>
    <Filter Include="Engine\09. Factory">
      <UniqueIdentifier>{4af92d79-cbbd-4eca-910f-f73668cbe61d}</UniqueIdentifier>
    </Filter>
    <Filter Include="Engine\08. Module\AI\State\Idle">
      <UniqueIdentifier>{e035ffdb-1c5b-4de2-91fc-bf73f48448f4}</UniqueIdentifier>
    </Filter>
    <Filter Include="Engine\08. Module\AI\State\Trace">
      <UniqueIdentifier>{8cec3e2e-38c3-4a00-8482-159906e73d9b}</UniqueIdentifier>
    </Filter>
    <Filter Include="Engine\04. Object\Ground">
      <UniqueIdentifier>{0c987e52-bf75-4ed0-90f4-54f059f48fd4}</UniqueIdentifier>
    </Filter>
    <Filter Include="Engine\07. Component\Gravity">
      <UniqueIdentifier>{1b91c92d-e600-48cb-828c-ed5461324b83}</UniqueIdentifier>
    </Filter>
    <Filter Include="Engine\04. Object\Portal">
      <UniqueIdentifier>{03163314-fcc6-42a3-93a0-e59865000675}</UniqueIdentifier>
    </Filter>
    <Filter Include="Engine\04. Object\Item">
      <UniqueIdentifier>{488d0c43-7c53-483b-b03c-65bec35c3626}</UniqueIdentifier>
    </Filter>
    <Filter Include="Engine\04. Object\Item\Meso">
      <UniqueIdentifier>{520cade6-d02f-4fbd-8c8a-afdfa9a6857f}</UniqueIdentifier>
    </Filter>
    <Filter Include="Engine\07. Component\RigidBody">
      <UniqueIdentifier>{f7ee028a-859c-413c-9f0f-9f756be3f456}</UniqueIdentifier>
    </Filter>
    <Filter Include="Engine\08. Module\AI\State\Dead">
      <UniqueIdentifier>{0e1f0dce-f580-4520-a0f3-f94127e44f8d}</UniqueIdentifier>
    </Filter>
    <Filter Include="Engine\04. Object\Damage">
      <UniqueIdentifier>{431a8546-48ce-4634-bb0e-15f324989fc1}</UniqueIdentifier>
    </Filter>
    <Filter Include="Engine\03. Manager\CDamageManager">
      <UniqueIdentifier>{310c85ea-3141-40d2-8717-c91bb7b663d1}</UniqueIdentifier>
    </Filter>
    <Filter Include="Engine\05. Scene\Scene_Stage02">
      <UniqueIdentifier>{aba53b6a-3663-458b-94a2-2e1d4dea6606}</UniqueIdentifier>
    </Filter>
  </ItemGroup>
  <ItemGroup>
    <ClInclude Include="framework.h">
      <Filter>헤더 파일</Filter>
    </ClInclude>
    <ClInclude Include="targetver.h">
      <Filter>헤더 파일</Filter>
    </ClInclude>
    <ClInclude Include="Resource.h">
      <Filter>헤더 파일</Filter>
    </ClInclude>
    <ClInclude Include="Client.h">
      <Filter>헤더 파일</Filter>
    </ClInclude>
    <ClInclude Include="struct.h">
      <Filter>Engine\01. Header</Filter>
    </ClInclude>
    <ClInclude Include="pch.h">
      <Filter>Engine\01. Header</Filter>
    </ClInclude>
    <ClInclude Include="func.h">
      <Filter>Engine\01. Header</Filter>
    </ClInclude>
    <ClInclude Include="Define.h">
      <Filter>Engine\01. Header</Filter>
    </ClInclude>
    <ClInclude Include="Core\CCore.h">
      <Filter>Engine\02. Core</Filter>
    </ClInclude>
    <ClInclude Include="Manager\CSceneManager.h">
      <Filter>Engine\03. Manager\CSceneManager</Filter>
    </ClInclude>
    <ClInclude Include="Manager\CTimeManager.h">
      <Filter>Engine\03. Manager\CTimeManager</Filter>
    </ClInclude>
    <ClInclude Include="Object\CObject.h">
      <Filter>Engine\04. Object</Filter>
    </ClInclude>
    <ClInclude Include="Scene\CScene.h">
      <Filter>Engine\05. Scene</Filter>
    </ClInclude>
    <ClInclude Include="Scene\CScene_Start.h">
      <Filter>Engine\05. Scene\Scene_Start</Filter>
    </ClInclude>
    <ClInclude Include="Manager\CPathManager.h">
      <Filter>Engine\03. Manager\CPathManager</Filter>
    </ClInclude>
    <ClInclude Include="Resource\CResource.h">
      <Filter>Engine\06. Resource</Filter>
    </ClInclude>
    <ClInclude Include="Manager\CResourceManager.h">
      <Filter>Engine\03. Manager\CResourceManager</Filter>
    </ClInclude>
    <ClInclude Include="Resource\CTexture.h">
      <Filter>Engine\06. Resource\Texture</Filter>
    </ClInclude>
    <ClInclude Include="Manager\CKeyManager.h">
      <Filter>Engine\03. Manager\CKeyManager</Filter>
    </ClInclude>
    <ClInclude Include="Scene\CScene_Stage01.h">
      <Filter>Engine\05. Scene\Scene_Stage01</Filter>
    </ClInclude>
    <ClInclude Include="Manager\CEventManager.h">
      <Filter>Engine\03. Manager\CEventManager</Filter>
    </ClInclude>
    <ClInclude Include="Object\CUI.h">
      <Filter>Engine\04. Object\UI</Filter>
    </ClInclude>
    <ClInclude Include="Manager\CUIManager.h">
      <Filter>Engine\03. Manager\CUIManager</Filter>
    </ClInclude>
    <ClInclude Include="Object\CBtnUI.h">
      <Filter>Engine\04. Object\UI\UIBtn</Filter>
    </ClInclude>
    <ClInclude Include="Manager\CCamera.h">
      <Filter>Engine\03. Manager\CCameraManager</Filter>
    </ClInclude>
    <ClInclude Include="Object\CPlayer.h">
      <Filter>Engine\04. Object\Player</Filter>
    </ClInclude>
    <ClInclude Include="Component\CAnimator.h">
      <Filter>Engine\07. Component\Animator</Filter>
    </ClInclude>
    <ClInclude Include="Component\CAnimation.h">
      <Filter>Engine\07. Component\Animator\Animation</Filter>
    </ClInclude>
    <ClInclude Include="Object\CMonster.h">
      <Filter>Engine\04. Object\Monster</Filter>
    </ClInclude>
    <ClInclude Include="Module\AI.h">
      <Filter>Engine\08. Module\AI</Filter>
    </ClInclude>
    <ClInclude Include="Module\CState.h">
      <Filter>Engine\08. Module\AI\State</Filter>
    </ClInclude>
    <ClInclude Include="Module\SelectGDI.h">
      <Filter>Engine\08. Module</Filter>
    </ClInclude>
    <ClInclude Include="Manager\CColliderManager.h">
      <Filter>Engine\03. Manager\CColliderManager</Filter>
    </ClInclude>
    <ClInclude Include="Component\CCollider.h">
      <Filter>Engine\07. Component\Collider</Filter>
    </ClInclude>
    <ClInclude Include="Object\CUIPanel.h">
      <Filter>Engine\04. Object\UI\UIPanel</Filter>
    </ClInclude>
    <ClInclude Include="Factory\CMonFactory.h">
      <Filter>Engine\09. Factory</Filter>
    </ClInclude>
    <ClInclude Include="Module\CIdleState.h">
      <Filter>Engine\08. Module\AI\State\Idle</Filter>
    </ClInclude>
    <ClInclude Include="Module\CTraceState.h">
      <Filter>Engine\08. Module\AI\State\Trace</Filter>
    </ClInclude>
    <ClInclude Include="Object\CBackGround.h">
      <Filter>Engine\04. Object\Ground</Filter>
    </ClInclude>
    <ClInclude Include="Component\CColliderPixel.h">
      <Filter>Engine\07. Component\Collider</Filter>
    </ClInclude>
    <ClInclude Include="Component\CGravity.h">
      <Filter>Engine\07. Component\Gravity</Filter>
    </ClInclude>
    <ClInclude Include="Object\CPortal.h">
      <Filter>Engine\04. Object\Portal</Filter>
    </ClInclude>
    <ClInclude Include="Object\CItem.h">
      <Filter>Engine\04. Object\Item</Filter>
    </ClInclude>
    <ClInclude Include="Object\CMeso.h">
      <Filter>Engine\04. Object\Item\Meso</Filter>
    </ClInclude>
    <ClInclude Include="Component\CRigidBody.h">
      <Filter>Engine\07. Component\RigidBody</Filter>
    </ClInclude>
    <ClInclude Include="Module\CDeadState.h">
      <Filter>Engine\08. Module\AI\State\Dead</Filter>
    </ClInclude>
    <ClInclude Include="Object\CDamage.h">
      <Filter>Engine\04. Object\Damage</Filter>
    </ClInclude>
    <ClInclude Include="Manager\CDamageManager.h">
      <Filter>Engine\03. Manager\CDamageManager</Filter>
    </ClInclude>
    <ClInclude Include="Scene\CScene_Stage02.h">
      <Filter>Engine\05. Scene\Scene_Stage02</Filter>
    </ClInclude>
  </ItemGroup>
  <ItemGroup>
    <ClCompile Include="main.cpp">
      <Filter>소스 파일</Filter>
    </ClCompile>
    <ClCompile Include="Core\CCore.cpp">
      <Filter>Engine\02. Core</Filter>
    </ClCompile>
    <ClCompile Include="Manager\CSceneManager.cpp">
      <Filter>Engine\03. Manager\CSceneManager</Filter>
    </ClCompile>
    <ClCompile Include="Manager\CTimeManager.cpp">
      <Filter>Engine\03. Manager\CTimeManager</Filter>
    </ClCompile>
    <ClCompile Include="Object\CObject.cpp">
      <Filter>Engine\04. Object</Filter>
    </ClCompile>
    <ClCompile Include="Scene\CScene.cpp">
      <Filter>Engine\05. Scene</Filter>
    </ClCompile>
    <ClCompile Include="Scene\CScene_Start.cpp">
      <Filter>Engine\05. Scene\Scene_Start</Filter>
    </ClCompile>
    <ClCompile Include="Manager\CPathManager.cpp">
      <Filter>Engine\03. Manager\CPathManager</Filter>
    </ClCompile>
    <ClCompile Include="Resource\CResource.cpp">
      <Filter>Engine\06. Resource</Filter>
    </ClCompile>
    <ClCompile Include="Manager\CResourceManager.cpp">
      <Filter>Engine\03. Manager\CResourceManager</Filter>
    </ClCompile>
    <ClCompile Include="Resource\CTexture.cpp">
      <Filter>Engine\06. Resource\Texture</Filter>
    </ClCompile>
    <ClCompile Include="Manager\CKeyManager.cpp">
      <Filter>Engine\03. Manager\CKeyManager</Filter>
    </ClCompile>
    <ClCompile Include="Scene\CScene_Stage01.cpp">
      <Filter>Engine\05. Scene\Scene_Stage01</Filter>
    </ClCompile>
    <ClCompile Include="Manager\CEventManager.cpp">
      <Filter>Engine\03. Manager\CEventManager</Filter>
    </ClCompile>
    <ClCompile Include="func.cpp">
      <Filter>소스 파일</Filter>
    </ClCompile>
    <ClCompile Include="Object\CUI.cpp">
      <Filter>Engine\04. Object\UI</Filter>
    </ClCompile>
    <ClCompile Include="Manager\CUIManager.cpp">
      <Filter>Engine\03. Manager\CUIManager</Filter>
    </ClCompile>
    <ClCompile Include="Object\CBtnUI.cpp">
      <Filter>Engine\04. Object\UI\UIBtn</Filter>
    </ClCompile>
    <ClCompile Include="Manager\CCamera.cpp">
      <Filter>Engine\03. Manager\CCameraManager</Filter>
    </ClCompile>
    <ClCompile Include="Object\CPlayer.cpp">
      <Filter>Engine\04. Object\Player</Filter>
    </ClCompile>
    <ClCompile Include="Component\CAnimator.cpp">
      <Filter>Engine\07. Component\Animator</Filter>
    </ClCompile>
    <ClCompile Include="Component\CAnimation.cpp">
      <Filter>Engine\07. Component\Animator\Animation</Filter>
    </ClCompile>
    <ClCompile Include="Object\CMonster.cpp">
      <Filter>Engine\04. Object\Monster</Filter>
    </ClCompile>
    <ClCompile Include="Module\AI.cpp">
      <Filter>Engine\08. Module\AI</Filter>
    </ClCompile>
    <ClCompile Include="Module\CState.cpp">
      <Filter>Engine\08. Module\AI\State</Filter>
    </ClCompile>
    <ClCompile Include="Module\SelectGDI.cpp">
      <Filter>Engine\08. Module</Filter>
    </ClCompile>
    <ClCompile Include="Manager\CColliderManager.cpp">
      <Filter>Engine\03. Manager\CColliderManager</Filter>
    </ClCompile>
    <ClCompile Include="Component\CCollider.cpp">
      <Filter>Engine\07. Component\Collider</Filter>
    </ClCompile>
    <ClCompile Include="Object\CUIPanel.cpp">
      <Filter>Engine\04. Object\UI\UIPanel</Filter>
    </ClCompile>
    <ClCompile Include="Factory\CMonFactory.cpp">
      <Filter>Engine\09. Factory</Filter>
    </ClCompile>
    <ClCompile Include="Module\CIdleState.cpp">
      <Filter>Engine\08. Module\AI\State\Idle</Filter>
    </ClCompile>
    <ClCompile Include="Module\CTraceState.cpp">
      <Filter>Engine\08. Module\AI\State\Trace</Filter>
    </ClCompile>
    <ClCompile Include="Object\CBackGround.cpp">
      <Filter>Engine\04. Object\Ground</Filter>
    </ClCompile>
    <ClCompile Include="Component\CColliderPixel.cpp">
      <Filter>Engine\07. Component\Collider</Filter>
    </ClCompile>
    <ClCompile Include="Component\CGravity.cpp">
      <Filter>Engine\07. Component\Gravity</Filter>
    </ClCompile>
    <ClCompile Include="Object\CPortal.cpp">
      <Filter>Engine\04. Object\Portal</Filter>
    </ClCompile>
    <ClCompile Include="Object\CItem.cpp">
      <Filter>Engine\04. Object\Item</Filter>
    </ClCompile>
    <ClCompile Include="Object\CMeso.cpp">
      <Filter>Engine\04. Object\Item\Meso</Filter>
    </ClCompile>
    <ClCompile Include="Component\CRigidBody.cpp">
      <Filter>Engine\07. Component\RigidBody</Filter>
    </ClCompile>
    <ClCompile Include="Module\CDeadState.cpp">
      <Filter>Engine\08. Module\AI\State\Dead</Filter>
    </ClCompile>
    <ClCompile Include="Object\CDamage.cpp">
      <Filter>Engine\04. Object\Damage</Filter>
    </ClCompile>
    <ClCompile Include="Manager\CDamageManager.cpp">
      <Filter>Engine\03. Manager\CDamageManager</Filter>
    </ClCompile>
    <ClCompile Include="Scene\CScene_Stage02.cpp">
      <Filter>Engine\05. Scene\Scene_Stage02</Filter>
    </ClCompile>
  </ItemGroup>
  <ItemGroup>
    <ResourceCompile Include="Client.rc">
      <Filter>리소스 파일</Filter>
    </ResourceCompile>
  </ItemGroup>
  <ItemGroup>
    <Image Include="small.ico">
      <Filter>리소스 파일</Filter>
    </Image>
    <Image Include="Client.ico">
      <Filter>리소스 파일</Filter>
    </Image>
  </ItemGroup>
</Project>